
Microsoft Visual Studio Solution File, Format Version 11.00
# Visual Studio 2010
Project("{8BC9CEB8-8B4A-11D0-8D11-00A0C91BC942}") = "Sample", "Sample\Sample.vcxproj", "{F9F3B471-86FD-4C51-9AF9-8199A8468C61}"
	ProjectSection(ProjectDependencies) = postProject
		{9DFEF00B-6B5D-42FD-88B5-BDDA824D2734} = {9DFEF00B-6B5D-42FD-88B5-BDDA824D2734}
	EndProjectSection
EndProject
Project("{8BC9CEB8-8B4A-11D0-8D11-00A0C91BC942}") = "UIlib", "UIlib\UIlib.vcxproj", "{9DFEF00B-6B5D-42FD-88B5-BDDA824D2734}"
EndProject
Global
	GlobalSection(SolutionConfigurationPlatforms) = preSolution
		Debug|Win32 = Debug|Win32
		Release|Win32 = Release|Win32
	EndGlobalSection
	GlobalSection(ProjectConfigurationPlatforms) = postSolution
		{F9F3B471-86FD-4C51-9AF9-8199A8468C61}.Debug|Win32.ActiveCfg = Debug|Win32
		{F9F3B471-86FD-4C51-9AF9-8199A8468C61}.Debug|Win32.Build.0 = Debug|Win32
		{F9F3B471-86FD-4C51-9AF9-8199A8468C61}.Release|Win32.ActiveCfg = Release|Win32
		{F9F3B471-86FD-4C51-9AF9-8199A8468C61}.Release|Win32.Build.0 = Release|Win32
		{9DFEF00B-6B5D-42FD-88B5-BDDA824D2734}.Debug|Win32.ActiveCfg = Debug|Win32
		{9DFEF00B-6B5D-42FD-88B5-BDDA824D2734}.Debug|Win32.Build.0 = Debug|Win32
		{9DFEF00B-6B5D-42FD-88B5-BDDA824D2734}.Release|Win32.ActiveCfg = Release|Win32
		{9DFEF00B-6B5D-42FD-88B5-BDDA824D2734}.Release|Win32.Build.0 = Release|Win32
	EndGlobalSection
	GlobalSection(SolutionProperties) = preSolution
		HideSolutionNode = FALSE
	EndGlobalSection
EndGlobal
